
Microsoft Visual Studio Solution File, Format Version 12.00
# Visual Studio Version 17
VisualStudioVersion = 17.5.33627.172
MinimumVisualStudioVersion = 10.0.40219.1
Project("{9A19103F-16F7-4668-BE54-9A1E7A4F7556}") = "BusinessObjects", "BusinessObjects\BusinessObjects.csproj", "{8960CD75-3DDF-480B-ADAB-0619330E9FE1}"
EndProject
Project("{9A19103F-16F7-4668-BE54-9A1E7A4F7556}") = "DataAccessObjects", "DataAccessObjects\DataAccessObjects.csproj", "{4FA9D844-6F59-4875-BABC-A55E3D0A54D8}"
EndProject
Project("{9A19103F-16F7-4668-BE54-9A1E7A4F7556}") = "Repositories", "Repositories\Repositories.csproj", "{9F09145E-F799-4E6A-B97F-B5EA1111596F}"
EndProject
Project("{9A19103F-16F7-4668-BE54-9A1E7A4F7556}") = "HostelandOData", "HostelandOData\HostelandOData.csproj", "{9A57E967-4F09-406F-9BD7-813FAA6859CB}"
EndProject
Project("{9A19103F-16F7-4668-BE54-9A1E7A4F7556}") = "Hosteland", "Hosteland\Hosteland.csproj", "{F261883C-A195-4086-8BBA-C3DCFF769FC8}"
EndProject
Project("{FAE04EC0-301F-11D3-BF4B-00C04F79EFBC}") = "Hosteland.WebJobs", "Hosteland.WebJobs\Hosteland.WebJobs.csproj", "{84516D8F-B6C4-46DE-ABC8-FB604C10C634}"
EndProject
Global
	GlobalSection(SolutionConfigurationPlatforms) = preSolution
		Debug|Any CPU = Debug|Any CPU
		Release|Any CPU = Release|Any CPU
	EndGlobalSection
	GlobalSection(ProjectConfigurationPlatforms) = postSolution
		{8960CD75-3DDF-480B-ADAB-0619330E9FE1}.Debug|Any CPU.ActiveCfg = Debug|Any CPU
		{8960CD75-3DDF-480B-ADAB-0619330E9FE1}.Debug|Any CPU.Build.0 = Debug|Any CPU
		{8960CD75-3DDF-480B-ADAB-0619330E9FE1}.Release|Any CPU.ActiveCfg = Release|Any CPU
		{8960CD75-3DDF-480B-ADAB-0619330E9FE1}.Release|Any CPU.Build.0 = Release|Any CPU
		{4FA9D844-6F59-4875-BABC-A55E3D0A54D8}.Debug|Any CPU.ActiveCfg = Debug|Any CPU
		{4FA9D844-6F59-4875-BABC-A55E3D0A54D8}.Debug|Any CPU.Build.0 = Debug|Any CPU
		{4FA9D844-6F59-4875-BABC-A55E3D0A54D8}.Release|Any CPU.ActiveCfg = Release|Any CPU
		{4FA9D844-6F59-4875-BABC-A55E3D0A54D8}.Release|Any CPU.Build.0 = Release|Any CPU
		{9F09145E-F799-4E6A-B97F-B5EA1111596F}.Debug|Any CPU.ActiveCfg = Debug|Any CPU
		{9F09145E-F799-4E6A-B97F-B5EA1111596F}.Debug|Any CPU.Build.0 = Debug|Any CPU
		{9F09145E-F799-4E6A-B97F-B5EA1111596F}.Release|Any CPU.ActiveCfg = Release|Any CPU
		{9F09145E-F799-4E6A-B97F-B5EA1111596F}.Release|Any CPU.Build.0 = Release|Any CPU
		{9A57E967-4F09-406F-9BD7-813FAA6859CB}.Debug|Any CPU.ActiveCfg = Debug|Any CPU
		{9A57E967-4F09-406F-9BD7-813FAA6859CB}.Debug|Any CPU.Build.0 = Debug|Any CPU
		{9A57E967-4F09-406F-9BD7-813FAA6859CB}.Release|Any CPU.ActiveCfg = Release|Any CPU
		{9A57E967-4F09-406F-9BD7-813FAA6859CB}.Release|Any CPU.Build.0 = Release|Any CPU
		{F261883C-A195-4086-8BBA-C3DCFF769FC8}.Debug|Any CPU.ActiveCfg = Debug|Any CPU
		{F261883C-A195-4086-8BBA-C3DCFF769FC8}.Debug|Any CPU.Build.0 = Debug|Any CPU
		{F261883C-A195-4086-8BBA-C3DCFF769FC8}.Release|Any CPU.ActiveCfg = Release|Any CPU
		{F261883C-A195-4086-8BBA-C3DCFF769FC8}.Release|Any CPU.Build.0 = Release|Any CPU
		{84516D8F-B6C4-46DE-ABC8-FB604C10C634}.Debug|Any CPU.ActiveCfg = Debug|Any CPU
		{84516D8F-B6C4-46DE-ABC8-FB604C10C634}.Debug|Any CPU.Build.0 = Debug|Any CPU
		{84516D8F-B6C4-46DE-ABC8-FB604C10C634}.Release|Any CPU.ActiveCfg = Release|Any CPU
		{84516D8F-B6C4-46DE-ABC8-FB604C10C634}.Release|Any CPU.Build.0 = Release|Any CPU
	EndGlobalSection
	GlobalSection(SolutionProperties) = preSolution
		HideSolutionNode = FALSE
	EndGlobalSection
	GlobalSection(ExtensibilityGlobals) = postSolution
		SolutionGuid = {94315E67-871C-49BA-8E2D-BE3008B0F613}
	EndGlobalSection
EndGlobal
